Microsoft Visual Studio Solution File, Format Version 12.00
# Visual Studio 15
VisualStudioVersion = 15.0.27130.2010
MinimumVisualStudioVersion = 10.0.40219.1
Project("{8BC9CEB8-8B4A-11D0-8D11-00A0C91BC942}") = "curl", "curl.vcxproj", "{A329D550-2A0B-11E0-E0EA-DEC41BD6BCCF}"
	ProjectSection(ProjectDependencies) = postProject
		{B286D4FB-76D5-C357-4775-13FF295983D1} = {B286D4FB-76D5-C357-4775-13FF295983D1}
		{ED11D5F3-A171-D94D-D5CB-B4FE94EA8C79} = {ED11D5F3-A171-D94D-D5CB-B4FE94EA8C79}
		{818D40DF-DAA8-4209-2B85-B4322EC87525} = {818D40DF-DAA8-4209-2B85-B4322EC87525}
		{73D72C79-1C65-76EC-874E-729E13981233} = {73D72C79-1C65-76EC-874E-729E13981233}
	EndProjectSection
EndProject
Project("{8BC9CEB8-8B4A-11D0-8D11-00A0C91BC942}") = "libcurl", "libcurl.vcxproj", "{B286D4FB-76D5-C357-4775-13FF295983D1}"
EndProject
Project("{8BC9CEB8-8B4A-11D0-8D11-00A0C91BC942}") = "libssh2", "libssh2.vcxproj", "{73D72C79-1C65-76EC-874E-729E13981233}"
EndProject
Project("{8BC9CEB8-8B4A-11D0-8D11-00A0C91BC942}") = "openssl", "openssl.vcxproj", "{ED11D5F3-A171-D94D-D5CB-B4FE94EA8C79}"
EndProject
Project("{8BC9CEB8-8B4A-11D0-8D11-00A0C91BC942}") = "zlib", "zlib.vcxproj", "{818D40DF-DAA8-4209-2B85-B4322EC87525}"
EndProject
Global
	GlobalSection(SolutionConfigurationPlatforms) = preSolution
		Debug|x64 = Debug|x64
		Debug|x86 = Debug|x86
		Release|x64 = Release|x64
		Release|x86 = Release|x86
	EndGlobalSection
	GlobalSection(ProjectConfigurationPlatforms) = postSolution
		{A329D550-2A0B-11E0-E0EA-DEC41BD6BCCF}.Debug|x64.ActiveCfg = Debug|x64
		{A329D550-2A0B-11E0-E0EA-DEC41BD6BCCF}.Debug|x64.Build.0 = Debug|x64
		{A329D550-2A0B-11E0-E0EA-DEC41BD6BCCF}.Debug|x86.ActiveCfg = Debug|Win32
		{A329D550-2A0B-11E0-E0EA-DEC41BD6BCCF}.Debug|x86.Build.0 = Debug|Win32
		{A329D550-2A0B-11E0-E0EA-DEC41BD6BCCF}.Release|x64.ActiveCfg = Release|x64
		{A329D550-2A0B-11E0-E0EA-DEC41BD6BCCF}.Release|x64.Build.0 = Release|x64
		{A329D550-2A0B-11E0-E0EA-DEC41BD6BCCF}.Release|x86.ActiveCfg = Release|Win32
		{A329D550-2A0B-11E0-E0EA-DEC41BD6BCCF}.Release|x86.Build.0 = Release|Win32
		{B286D4FB-76D5-C357-4775-13FF295983D1}.Debug|x64.ActiveCfg = Debug|x64
		{B286D4FB-76D5-C357-4775-13FF295983D1}.Debug|x64.Build.0 = Debug|x64
		{B286D4FB-76D5-C357-4775-13FF295983D1}.Debug|x86.ActiveCfg = Debug|Win32
		{B286D4FB-76D5-C357-4775-13FF295983D1}.Debug|x86.Build.0 = Debug|Win32
		{B286D4FB-76D5-C357-4775-13FF295983D1}.Release|x64.ActiveCfg = Release|x64
		{B286D4FB-76D5-C357-4775-13FF295983D1}.Release|x64.Build.0 = Release|x64
		{B286D4FB-76D5-C357-4775-13FF295983D1}.Release|x86.ActiveCfg = Release|Win32
		{B286D4FB-76D5-C357-4775-13FF295983D1}.Release|x86.Build.0 = Release|Win32
		{73D72C79-1C65-76EC-874E-729E13981233}.Debug|x64.ActiveCfg = Debug|x64
		{73D72C79-1C65-76EC-874E-729E13981233}.Debug|x64.Build.0 = Debug|x64
		{73D72C79-1C65-76EC-874E-729E13981233}.Debug|x86.ActiveCfg = Debug|Win32
		{73D72C79-1C65-76EC-874E-729E13981233}.Debug|x86.Build.0 = Debug|Win32
		{73D72C79-1C65-76EC-874E-729E13981233}.Release|x64.ActiveCfg = Release|x64
		{73D72C79-1C65-76EC-874E-729E13981233}.Release|x64.Build.0 = Release|x64
		{73D72C79-1C65-76EC-874E-729E13981233}.Release|x86.ActiveCfg = Release|Win32
		{73D72C79-1C65-76EC-874E-729E13981233}.Release|x86.Build.0 = Release|Win32
		{ED11D5F3-A171-D94D-D5CB-B4FE94EA8C79}.Debug|x64.ActiveCfg = Debug|x64
		{ED11D5F3-A171-D94D-D5CB-B4FE94EA8C79}.Debug|x64.Build.0 = Debug|x64
		{ED11D5F3-A171-D94D-D5CB-B4FE94EA8C79}.Debug|x86.ActiveCfg = Debug|Win32
		{ED11D5F3-A171-D94D-D5CB-B4FE94EA8C79}.Debug|x86.Build.0 = Debug|Win32
		{ED11D5F3-A171-D94D-D5CB-B4FE94EA8C79}.Release|x64.ActiveCfg = Release|x64
		{ED11D5F3-A171-D94D-D5CB-B4FE94EA8C79}.Release|x64.Build.0 = Release|x64
		{ED11D5F3-A171-D94D-D5CB-B4FE94EA8C79}.Release|x86.ActiveCfg = Release|Win32
		{ED11D5F3-A171-D94D-D5CB-B4FE94EA8C79}.Release|x86.Build.0 = Release|Win32
		{818D40DF-DAA8-4209-2B85-B4322EC87525}.Debug|x64.ActiveCfg = Debug|x64
		{818D40DF-DAA8-4209-2B85-B4322EC87525}.Debug|x64.Build.0 = Debug|x64
		{818D40DF-DAA8-4209-2B85-B4322EC87525}.Debug|x86.ActiveCfg = Debug|Win32
		{818D40DF-DAA8-4209-2B85-B4322EC87525}.Debug|x86.Build.0 = Debug|Win32
		{818D40DF-DAA8-4209-2B85-B4322EC87525}.Release|x64.ActiveCfg = Release|x64
		{818D40DF-DAA8-4209-2B85-B4322EC87525}.Release|x64.Build.0 = Release|x64
		{818D40DF-DAA8-4209-2B85-B4322EC87525}.Release|x86.ActiveCfg = Release|Win32
		{818D40DF-DAA8-4209-2B85-B4322EC87525}.Release|x86.Build.0 = Release|Win32
	EndGlobalSection
	GlobalSection(SolutionProperties) = preSolution
		HideSolutionNode = FALSE
	EndGlobalSection
	GlobalSection(ExtensibilityGlobals) = postSolution
		SolutionGuid = {D2D685B1-7017-4AD0-A81F-13888FB431E1}
	EndGlobalSection
EndGlobal
